{
  "name": "immutableJs",
  "lockfileVersion": 2,
  "requires": true,
  "packages": {
    "": {
      "dependencies": {
        "immutable": "^4.2.4"
      }
    },
    "node_modules/immutable": {
      "version": "4.2.4",
      "resolved": "https://domoreexp.pkgs.visualstudio.com/_packaging/npm-mirror/npm/registry/immutable/-/immutable-4.2.4.tgz",
      "integrity": "sha1-gyYNUIiVJrS1MaXik3Cad/fFWio=",
      "license": "MIT"
    }
  },
  "dependencies": {
    "immutable": {
      "version": "4.2.4",
      "resolved": "https://domoreexp.pkgs.visualstudio.com/_packaging/npm-mirror/npm/registry/immutable/-/immutable-4.2.4.tgz",
      "integrity": "sha1-gyYNUIiVJrS1MaXik3Cad/fFWio="
    }
  }
}
